
Microsoft Visual Studio Solution File, Format Version 12.00
# Visual Studio Version 16
VisualStudioVersion = 16.0.29201.188
MinimumVisualStudioVersion = 10.0.40219.1
Project("{FAE04EC0-301F-11D3-BF4B-00C04F79EFBC}") = "Lessons Learned Database", "Lessons Learned Database.csproj", "{C64B3AF2-464F-40F0-B5E5-EA8B8734DD27}"
EndProject
Global
	GlobalSection(SolutionConfigurationPlatforms) = preSolution
		Debug|Any CPU = Debug|Any CPU
		Release|Any CPU = Release|Any CPU
	EndGlobalSection
	GlobalSection(ProjectConfigurationPlatforms) = postSolution
		{C64B3AF2-464F-40F0-B5E5-EA8B8734DD27}.Debug|Any CPU.ActiveCfg = Debug|Any CPU
		{C64B3AF2-464F-40F0-B5E5-EA8B8734DD27}.Debug|Any CPU.Build.0 = Debug|Any CPU
		{C64B3AF2-464F-40F0-B5E5-EA8B8734DD27}.Release|Any CPU.ActiveCfg = Release|Any CPU
		{C64B3AF2-464F-40F0-B5E5-EA8B8734DD27}.Release|Any CPU.Build.0 = Release|Any CPU
	EndGlobalSection
	GlobalSection(SolutionProperties) = preSolution
		HideSolutionNode = FALSE
	EndGlobalSection
	GlobalSection(ExtensibilityGlobals) = postSolution
		SolutionGuid = {938C7B50-B960-416B-9B8F-BFCD3F9FA841}
	EndGlobalSection
EndGlobal
